lockfileVersion: '9.0'

settings:
  autoInstallPeers: true
  excludeLinksFromLockfile: false

importers:

  .:
    dependencies:
      nextjs:
        specifier: ^0.0.3
        version: 0.0.3

packages:

  nextjs@0.0.3:
    resolution: {integrity: sha512-mYbDUo4/sRAZ8TqK63PCpYnFiLg7BICG/ot9+guOrUKd4/Fo71ZmEQ41IZbH6nqbQvG7SXTBuofJXAIWfNho0w==}
    engines: {node: '>=0.8.21'}

snapshots:

  nextjs@0.0.3: {}
